// !$*UTF8*$!
{
	archiveVersion = 1;
	classes = {
	};
	objectVersion = 50;
	objects = {

/* Begin PBXBuildFile section */
		E116FC0D2591005800A89C7B /* WeatherResponseTests.swift in Sources */ = {isa = PBXBuildFile; fileRef = E116FC0C2591005800A89C7B /* WeatherResponseTests.swift */; };
		E116FC122591166400A89C7B /* Data+Extension.swift in Sources */ = {isa = PBXBuildFile; fileRef = E116FC112591166400A89C7B /* Data+Extension.swift */; };
		E116FC1F259118BD00A89C7B /* WeatherResponse.swift in Sources */ = {isa = PBXBuildFile; fileRef = E116FC1E259118BD00A89C7B /* WeatherResponse.swift */; };
		E116FC26259119AE00A89C7B /* weatherapi.json in Resources */ = {isa = PBXBuildFile; fileRef = E116FC072590FF3700A89C7B /* weatherapi.json */; };
		E116FC2B25911CE400A89C7B /* OpenWeatherAPI.swift in Sources */ = {isa = PBXBuildFile; fileRef = E116FC2A25911CE400A89C7B /* OpenWeatherAPI.swift */; };
		E116FC302591216D00A89C7B /* URL+Extension.swift in Sources */ = {isa = PBXBuildFile; fileRef = E116FC2F2591216D00A89C7B /* URL+Extension.swift */; };
		E116FC3D259124DE00A89C7B /* OpenWeatherAPITest.swift in Sources */ = {isa = PBXBuildFile; fileRef = E116FC3C259124DE00A89C7B /* OpenWeatherAPITest.swift */; };
		E116FC4A2591257B00A89C7B /* MockURLProtocol.swift in Sources */ = {isa = PBXBuildFile; fileRef = E116FC492591257B00A89C7B /* MockURLProtocol.swift */; };
		E116FC522591441400A89C7B /* MockWeatherProvider.swift in Sources */ = {isa = PBXBuildFile; fileRef = E116FC512591441400A89C7B /* MockWeatherProvider.swift */; };
		E16303D6258FCC5F00005596 /* EnergyUsage.swift in Sources */ = {isa = PBXBuildFile; fileRef = E16303D5258FCC5F00005596 /* EnergyUsage.swift */; };
		E16303E8258FDC4800005596 /* Constants.swift in Sources */ = {isa = PBXBuildFile; fileRef = E16303E7258FDC4800005596 /* Constants.swift */; };
		E16303EC258FDC6C00005596 /* Constants.swift in Sources */ = {isa = PBXBuildFile; fileRef = E16303E7258FDC4800005596 /* Constants.swift */; };
		E16303F1258FF1A900005596 /* TemperatureDisplay.swift in Sources */ = {isa = PBXBuildFile; fileRef = E16303F0258FF1A900005596 /* TemperatureDisplay.swift */; };
		E16303F6258FF27200005596 /* ControllsView.swift in Sources */ = {isa = PBXBuildFile; fileRef = E16303F5258FF27200005596 /* ControllsView.swift */; };
		E17538952554A4BC00B57258 /* ThermostatApp.swift in Sources */ = {isa = PBXBuildFile; fileRef = E17538942554A4BC00B57258 /* ThermostatApp.swift */; };
		E17538972554A4BC00B57258 /* ThermostatView.swift in Sources */ = {isa = PBXBuildFile; fileRef = E17538962554A4BC00B57258 /* ThermostatView.swift */; };
		E17538992554A4BE00B57258 /* Assets.xcassets in Resources */ = {isa = PBXBuildFile; fileRef = E17538982554A4BE00B57258 /* Assets.xcassets */; };
		E175389C2554A4BE00B57258 /* Preview Assets.xcassets in Resources */ = {isa = PBXBuildFile; fileRef = E175389B2554A4BE00B57258 /* Preview Assets.xcassets */; };
		E17538A72554A4BF00B57258 /* ThermostatTests.swift in Sources */ = {isa = PBXBuildFile; fileRef = E17538A62554A4BF00B57258 /* ThermostatTests.swift */; };
		E17538B22554A4BF00B57258 /* ThermostatUITests.swift in Sources */ = {isa = PBXBuildFile; fileRef = E17538B12554A4BF00B57258 /* ThermostatUITests.swift */; };
		E17538C32554A69300B57258 /* Thermostat.swift in Sources */ = {isa = PBXBuildFile; fileRef = E17538C22554A69300B57258 /* Thermostat.swift */; };
/* End PBXBuildFile section */

/* Begin PBXContainerItemProxy section */
		E17538A32554A4BF00B57258 /* PBXContainerItemProxy */ = {
			isa = PBXContainerItemProxy;
			containerPortal = E17538892554A4BC00B57258 /* Project object */;
			proxyType = 1;
			remoteGlobalIDString = E17538902554A4BC00B57258;
			remoteInfo = Thermostat;
		};
		E17538AE2554A4BF00B57258 /* PBXContainerItemProxy */ = {
			isa = PBXContainerItemProxy;
			containerPortal = E17538892554A4BC00B57258 /* Project object */;
			proxyType = 1;
			remoteGlobalIDString = E17538902554A4BC00B57258;
			remoteInfo = Thermostat;
		};
/* End PBXContainerItemProxy section */

/* Begin PBXFileReference section */
		E116FC072590FF3700A89C7B /* weatherapi.json */ = {isa = PBXFileReference; lastKnownFileType = text.json; path = weatherapi.json; sourceTree = "<group>"; };
		E116FC0C2591005800A89C7B /* WeatherResponseTests.swift */ = {isa = PBXFileReference; lastKnownFileType = sourcecode.swift; path = WeatherResponseTests.swift; sourceTree = "<group>"; };
		E116FC112591166400A89C7B /* Data+Extension.swift */ = {isa = PBXFileReference; lastKnownFileType = sourcecode.swift; path = "Data+Extension.swift"; sourceTree = "<group>"; };
		E116FC1E259118BD00A89C7B /* WeatherResponse.swift */ = {isa = PBXFileReference; lastKnownFileType = sourcecode.swift; path = WeatherResponse.swift; sourceTree = "<group>"; };
		E116FC2A25911CE400A89C7B /* OpenWeatherAPI.swift */ = {isa = PBXFileReference; lastKnownFileType = sourcecode.swift; path = OpenWeatherAPI.swift; sourceTree = "<group>"; };
		E116FC2F2591216D00A89C7B /* URL+Extension.swift */ = {isa = PBXFileReference; lastKnownFileType = sourcecode.swift; path = "URL+Extension.swift"; sourceTree = "<group>"; };
		E116FC3C259124DE00A89C7B /* OpenWeatherAPITest.swift */ = {isa = PBXFileReference; lastKnownFileType = sourcecode.swift; path = OpenWeatherAPITest.swift; sourceTree = "<group>"; };
		E116FC492591257B00A89C7B /* MockURLProtocol.swift */ = {isa = PBXFileReference; lastKnownFileType = sourcecode.swift; path = MockURLProtocol.swift; sourceTree = "<group>"; };
		E116FC512591441400A89C7B /* MockWeatherProvider.swift */ = {isa = PBXFileReference; lastKnownFileType = sourcecode.swift; path = MockWeatherProvider.swift; sourceTree = "<group>"; };
		E16303D5258FCC5F00005596 /* EnergyUsage.swift */ = {isa = PBXFileReference; lastKnownFileType = sourcecode.swift; path = EnergyUsage.swift; sourceTree = "<group>"; };
		E16303E7258FDC4800005596 /* Constants.swift */ = {isa = PBXFileReference; lastKnownFileType = sourcecode.swift; path = Constants.swift; sourceTree = "<group>"; };
		E16303F0258FF1A900005596 /* TemperatureDisplay.swift */ = {isa = PBXFileReference; lastKnownFileType = sourcecode.swift; path = TemperatureDisplay.swift; sourceTree = "<group>"; };
		E16303F5258FF27200005596 /* ControllsView.swift */ = {isa = PBXFileReference; lastKnownFileType = sourcecode.swift; path = ControllsView.swift; sourceTree = "<group>"; };
		E17538912554A4BC00B57258 /* ThermostatApp.app */ = {isa = PBXFileReference; explicitFileType = wrapper.application; includeInIndex = 0; path = ThermostatApp.app; sourceTree = BUILT_PRODUCTS_DIR; };
		E17538942554A4BC00B57258 /* ThermostatApp.swift */ = {isa = PBXFileReference; lastKnownFileType = sourcecode.swift; path = ThermostatApp.swift; sourceTree = "<group>"; };
		E17538962554A4BC00B57258 /* ThermostatView.swift */ = {isa = PBXFileReference; lastKnownFileType = sourcecode.swift; path = ThermostatView.swift; sourceTree = "<group>"; };
		E17538982554A4BE00B57258 /* Assets.xcassets */ = {isa = PBXFileReference; lastKnownFileType = folder.assetcatalog; path = Assets.xcassets; sourceTree = "<group>"; };
		E175389B2554A4BE00B57258 /* Preview Assets.xcassets */ = {isa = PBXFileReference; lastKnownFileType = folder.assetcatalog; path = "Preview Assets.xcassets"; sourceTree = "<group>"; };
		E175389D2554A4BE00B57258 /* Info.plist */ = {isa = PBXFileReference; lastKnownFileType = text.plist.xml; path = Info.plist; sourceTree = "<group>"; };
		E17538A22554A4BF00B57258 /* ThermostatAppTests.xctest */ = {isa = PBXFileReference; explicitFileType = wrapper.cfbundle; includeInIndex = 0; path = ThermostatAppTests.xctest; sourceTree = BUILT_PRODUCTS_DIR; };
		E17538A62554A4BF00B57258 /* ThermostatTests.swift */ = {isa = PBXFileReference; lastKnownFileType = sourcecode.swift; path = ThermostatTests.swift; sourceTree = "<group>"; };
		E17538A82554A4BF00B57258 /* Info.plist */ = {isa = PBXFileReference; lastKnownFileType = text.plist.xml; path = Info.plist; sourceTree = "<group>"; };
		E17538AD2554A4BF00B57258 /* ThermostatAppUITests.xctest */ = {isa = PBXFileReference; explicitFileType = wrapper.cfbundle; includeInIndex = 0; path = ThermostatAppUITests.xctest; sourceTree = BUILT_PRODUCTS_DIR; };
		E17538B12554A4BF00B57258 /* ThermostatUITests.swift */ = {isa = PBXFileReference; lastKnownFileType = sourcecode.swift; path = ThermostatUITests.swift; sourceTree = "<group>"; };
		E17538B32554A4BF00B57258 /* Info.plist */ = {isa = PBXFileReference; lastKnownFileType = text.plist.xml; path = Info.plist; sourceTree = "<group>"; };
		E17538C22554A69300B57258 /* Thermostat.swift */ = {isa = PBXFileReference; lastKnownFileType = sourcecode.swift; path = Thermostat.swift; sourceTree = "<group>"; };
/* End PBXFileReference section */

/* Begin PBXFrameworksBuildPhase section */
		E175388E2554A4BC00B57258 /* Frameworks */ = {
			isa = PBXFrameworksBuildPhase;
			buildActionMask = 2147483647;
			files = (
			);
			runOnlyForDeploymentPostprocessing = 0;
		};
		E175389F2554A4BF00B57258 /* Frameworks */ = {
			isa = PBXFrameworksBuildPhase;
			buildActionMask = 2147483647;
			files = (
			);
			runOnlyForDeploymentPostprocessing = 0;
		};
		E17538AA2554A4BF00B57258 /* Frameworks */ = {
			isa = PBXFrameworksBuildPhase;
			buildActionMask = 2147483647;
			files = (
			);
			runOnlyForDeploymentPostprocessing = 0;
		};
/* End PBXFrameworksBuildPhase section */

/* Begin PBXGroup section */
		E17538882554A4BC00B57258 = {
			isa = PBXGroup;
			children = (
				E17538932554A4BC00B57258 /* Thermostat */,
				E17538A52554A4BF00B57258 /* ThermostatTests */,
				E17538B02554A4BF00B57258 /* ThermostatUITests */,
				E17538922554A4BC00B57258 /* Products */,
			);
			sourceTree = "<group>";
		};
		E17538922554A4BC00B57258 /* Products */ = {
			isa = PBXGroup;
			children = (
				E17538912554A4BC00B57258 /* ThermostatApp.app */,
				E17538A22554A4BF00B57258 /* ThermostatAppTests.xctest */,
				E17538AD2554A4BF00B57258 /* ThermostatAppUITests.xctest */,
			);
			name = Products;
			sourceTree = "<group>";
		};
		E17538932554A4BC00B57258 /* Thermostat */ = {
			isa = PBXGroup;
			children = (
				E17538942554A4BC00B57258 /* ThermostatApp.swift */,
				E17538962554A4BC00B57258 /* ThermostatView.swift */,
				E17538982554A4BE00B57258 /* Assets.xcassets */,
				E175389D2554A4BE00B57258 /* Info.plist */,
				E175389A2554A4BE00B57258 /* Preview Content */,
				E17538C22554A69300B57258 /* Thermostat.swift */,
				E16303D5258FCC5F00005596 /* EnergyUsage.swift */,
				E16303E7258FDC4800005596 /* Constants.swift */,
				E16303F0258FF1A900005596 /* TemperatureDisplay.swift */,
				E16303F5258FF27200005596 /* ControllsView.swift */,
				E116FC1E259118BD00A89C7B /* WeatherResponse.swift */,
				E116FC2A25911CE400A89C7B /* OpenWeatherAPI.swift */,
				E116FC2F2591216D00A89C7B /* URL+Extension.swift */,
			);
			path = Thermostat;
			sourceTree = "<group>";
		};
		E175389A2554A4BE00B57258 /* Preview Content */ = {
			isa = PBXGroup;
			children = (
				E175389B2554A4BE00B57258 /* Preview Assets.xcassets */,
			);
			path = "Preview Content";
			sourceTree = "<group>";
		};
		E17538A52554A4BF00B57258 /* ThermostatTests */ = {
			isa = PBXGroup;
			children = (
				E17538A62554A4BF00B57258 /* ThermostatTests.swift */,
				E17538A82554A4BF00B57258 /* Info.plist */,
				E116FC072590FF3700A89C7B /* weatherapi.json */,
				E116FC0C2591005800A89C7B /* WeatherResponseTests.swift */,
				E116FC112591166400A89C7B /* Data+Extension.swift */,
				E116FC3C259124DE00A89C7B /* OpenWeatherAPITest.swift */,
				E116FC492591257B00A89C7B /* MockURLProtocol.swift */,
				E116FC512591441400A89C7B /* MockWeatherProvider.swift */,
			);
			path = ThermostatTests;
			sourceTree = "<group>";
		};
		E17538B02554A4BF00B57258 /* ThermostatUITests */ = {
			isa = PBXGroup;
			children = (
				E17538B12554A4BF00B57258 /* ThermostatUITests.swift */,
				E17538B32554A4BF00B57258 /* Info.plist */,
			);
			path = ThermostatUITests;
			sourceTree = "<group>";
		};
/* End PBXGroup section */

/* Begin PBXNativeTarget section */
		E17538902554A4BC00B57258 /* ThermostatApp */ = {
			isa = PBXNativeTarget;
			buildConfigurationList = E17538B62554A4BF00B57258 /* Build configuration list for PBXNativeTarget "ThermostatApp" */;
			buildPhases = (
				E175388D2554A4BC00B57258 /* Sources */,
				E175388E2554A4BC00B57258 /* Frameworks */,
				E175388F2554A4BC00B57258 /* Resources */,
			);
			buildRules = (
			);
			dependencies = (
			);
			name = ThermostatApp;
			productName = Thermostat;
			productReference = E17538912554A4BC00B57258 /* ThermostatApp.app */;
			productType = "com.apple.product-type.application";
		};
		E17538A12554A4BF00B57258 /* ThermostatAppTests */ = {
			isa = PBXNativeTarget;
			buildConfigurationList = E17538B92554A4BF00B57258 /* Build configuration list for PBXNativeTarget "ThermostatAppTests" */;
			buildPhases = (
				E175389E2554A4BF00B57258 /* Sources */,
				E175389F2554A4BF00B57258 /* Frameworks */,
				E17538A02554A4BF00B57258 /* Resources */,
			);
			buildRules = (
			);
			dependencies = (
				E17538A42554A4BF00B57258 /* PBXTargetDependency */,
			);
			name = ThermostatAppTests;
			productName = ThermostatTests;
			productReference = E17538A22554A4BF00B57258 /* ThermostatAppTests.xctest */;
			productType = "com.apple.product-type.bundle.unit-test";
		};
		E17538AC2554A4BF00B57258 /* ThermostatAppUITests */ = {
			isa = PBXNativeTarget;
			buildConfigurationList = E17538BC2554A4BF00B57258 /* Build configuration list for PBXNativeTarget "ThermostatAppUITests" */;
			buildPhases = (
				E17538A92554A4BF00B57258 /* Sources */,
				E17538AA2554A4BF00B57258 /* Frameworks */,
				E17538AB2554A4BF00B57258 /* Resources */,
			);
			buildRules = (
			);
			dependencies = (
				E17538AF2554A4BF00B57258 /* PBXTargetDependency */,
			);
			name = ThermostatAppUITests;
			productName = ThermostatUITests;
			productReference = E17538AD2554A4BF00B57258 /* ThermostatAppUITests.xctest */;
			productType = "com.apple.product-type.bundle.ui-testing";
		};
/* End PBXNativeTarget section */

/* Begin PBXProject section */
		E17538892554A4BC00B57258 /* Project object */ = {
			isa = PBXProject;
			attributes = {
				LastSwiftUpdateCheck = 1210;
				LastUpgradeCheck = 1210;
				TargetAttributes = {
					E17538902554A4BC00B57258 = {
						CreatedOnToolsVersion = 12.1;
					};
					E17538A12554A4BF00B57258 = {
						CreatedOnToolsVersion = 12.1;
						TestTargetID = E17538902554A4BC00B57258;
					};
					E17538AC2554A4BF00B57258 = {
						CreatedOnToolsVersion = 12.1;
						TestTargetID = E17538902554A4BC00B57258;
					};
				};
			};
			buildConfigurationList = E175388C2554A4BC00B57258 /* Build configuration list for PBXProject "ThermostatApp" */;
			compatibilityVersion = "Xcode 9.3";
			developmentRegion = en;
			hasScannedForEncodings = 0;
			knownRegions = (
				en,
				Base,
			);
			mainGroup = E17538882554A4BC00B57258;
			productRefGroup = E17538922554A4BC00B57258 /* Products */;
			projectDirPath = "";
			projectRoot = "";
			targets = (
				E17538902554A4BC00B57258 /* ThermostatApp */,
				E17538A12554A4BF00B57258 /* ThermostatAppTests */,
				E17538AC2554A4BF00B57258 /* ThermostatAppUITests */,
			);
		};
/* End PBXProject section */

/* Begin PBXResourcesBuildPhase section */
		E175388F2554A4BC00B57258 /* Resources */ = {
			isa = PBXResourcesBuildPhase;
			buildActionMask = 2147483647;
			files = (
				E175389C2554A4BE00B57258 /* Preview Assets.xcassets in Resources */,
				E17538992554A4BE00B57258 /* Assets.xcassets in Resources */,
			);
			runOnlyForDeploymentPostprocessing = 0;
		};
		E17538A02554A4BF00B57258 /* Resources */ = {
			isa = PBXResourcesBuildPhase;
			buildActionMask = 2147483647;
			files = (
				E116FC26259119AE00A89C7B /* weatherapi.json in Resources */,
			);
			runOnlyForDeploymentPostprocessing = 0;
		};
		E17538AB2554A4BF00B57258 /* Resources */ = {
			isa = PBXResourcesBuildPhase;
			buildActionMask = 2147483647;
			files = (
			);
			runOnlyForDeploymentPostprocessing = 0;
		};
/* End PBXResourcesBuildPhase section */

/* Begin PBXSourcesBuildPhase section */
		E175388D2554A4BC00B57258 /* Sources */ = {
			isa = PBXSourcesBuildPhase;
			buildActionMask = 2147483647;
			files = (
				E16303E8258FDC4800005596 /* Constants.swift in Sources */,
				E17538972554A4BC00B57258 /* ThermostatView.swift in Sources */,
				E116FC2B25911CE400A89C7B /* OpenWeatherAPI.swift in Sources */,
				E116FC302591216D00A89C7B /* URL+Extension.swift in Sources */,
				E17538C32554A69300B57258 /* Thermostat.swift in Sources */,
				E17538952554A4BC00B57258 /* ThermostatApp.swift in Sources */,
				E16303D6258FCC5F00005596 /* EnergyUsage.swift in Sources */,
				E16303F6258FF27200005596 /* ControllsView.swift in Sources */,
				E16303F1258FF1A900005596 /* TemperatureDisplay.swift in Sources */,
				E116FC1F259118BD00A89C7B /* WeatherResponse.swift in Sources */,
			);
			runOnlyForDeploymentPostprocessing = 0;
		};
		E175389E2554A4BF00B57258 /* Sources */ = {
			isa = PBXSourcesBuildPhase;
			buildActionMask = 2147483647;
			files = (
				E17538A72554A4BF00B57258 /* ThermostatTests.swift in Sources */,
				E116FC0D2591005800A89C7B /* WeatherResponseTests.swift in Sources */,
				E116FC4A2591257B00A89C7B /* MockURLProtocol.swift in Sources */,
				E116FC522591441400A89C7B /* MockWeatherProvider.swift in Sources */,
				E116FC122591166400A89C7B /* Data+Extension.swift in Sources */,
				E116FC3D259124DE00A89C7B /* OpenWeatherAPITest.swift in Sources */,
			);
			runOnlyForDeploymentPostprocessing = 0;
		};
		E17538A92554A4BF00B57258 /* Sources */ = {
			isa = PBXSourcesBuildPhase;
			buildActionMask = 2147483647;
			files = (
				E17538B22554A4BF00B57258 /* ThermostatUITests.swift in Sources */,
				E16303EC258FDC6C00005596 /* Constants.swift in Sources */,
			);
			runOnlyForDeploymentPostprocessing = 0;
		};
/* End PBXSourcesBuildPhase section */

/* Begin PBXTargetDependency section */
		E17538A42554A4BF00B57258 /* PBXTargetDependency */ = {
			isa = PBXTargetDependency;
			target = E17538902554A4BC00B57258 /* ThermostatApp */;
			targetProxy = E17538A32554A4BF00B57258 /* PBXContainerItemProxy */;
		};
		E17538AF2554A4BF00B57258 /* PBXTargetDependency */ = {
			isa = PBXTargetDependency;
			target = E17538902554A4BC00B57258 /* ThermostatApp */;
			targetProxy = E17538AE2554A4BF00B57258 /* PBXContainerItemProxy */;
		};
/* End PBXTargetDependency section */

/* Begin XCBuildConfiguration section */
		E17538B42554A4BF00B57258 /* Debug */ = {
			isa = XCBuildConfiguration;
			buildSettings = {
				ALWAYS_SEARCH_USER_PATHS = NO;
				CLANG_ANALYZER_NONNULL = YES;
				CLANG_ANALYZER_NUMBER_OBJECT_CONVERSION = YES_AGGRESSIVE;
				CLANG_CXX_LANGUAGE_STANDARD = "gnu++14";
				CLANG_CXX_LIBRARY = "libc++";
				CLANG_ENABLE_MODULES = YES;
				CLANG_ENABLE_OBJC_ARC = YES;
				CLANG_ENABLE_OBJC_WEAK = YES;
				CLANG_WARN_BLOCK_CAPTURE_AUTORELEASING = YES;
				CLANG_WARN_BOOL_CONVERSION = YES;
				CLANG_WARN_COMMA = YES;
				CLANG_WARN_CONSTANT_CONVERSION = YES;
				CLANG_WARN_DEPRECATED_OBJC_IMPLEMENTATIONS = YES;
				CLANG_WARN_DIRECT_OBJC_ISA_USAGE = YES_ERROR;
				CLANG_WARN_DOCUMENTATION_COMMENTS = YES;
				CLANG_WARN_EMPTY_BODY = YES;
				CLANG_WARN_ENUM_CONVERSION = YES;
				CLANG_WARN_INFINITE_RECURSION = YES;
				CLANG_WARN_INT_CONVERSION = YES;
				CLANG_WARN_NON_LITERAL_NULL_CONVERSION = YES;
				CLANG_WARN_OBJC_IMPLICIT_RETAIN_SELF = YES;
				CLANG_WARN_OBJC_LITERAL_CONVERSION = YES;
				CLANG_WARN_OBJC_ROOT_CLASS = YES_ERROR;
				CLANG_WARN_QUOTED_INCLUDE_IN_FRAMEWORK_HEADER = YES;
				CLANG_WARN_RANGE_LOOP_ANALYSIS = YES;
				CLANG_WARN_STRICT_PROTOTYPES = YES;
				CLANG_WARN_SUSPICIOUS_MOVE = YES;
				CLANG_WARN_UNGUARDED_AVAILABILITY = YES_AGGRESSIVE;
				CLANG_WARN_UNREACHABLE_CODE = YES;
				CLANG_WARN__DUPLICATE_METHOD_MATCH = YES;
				COPY_PHASE_STRIP = NO;
				DEBUG_INFORMATION_FORMAT = dwarf;
				ENABLE_STRICT_OBJC_MSGSEND = YES;
				ENABLE_TESTABILITY = YES;
				GCC_C_LANGUAGE_STANDARD = gnu11;
				GCC_DYNAMIC_NO_PIC = NO;
				GCC_NO_COMMON_BLOCKS = YES;
				GCC_OPTIMIZATION_LEVEL = 0;
				GCC_PREPROCESSOR_DEFINITIONS = (
					"DEBUG=1",
					"$(inherited)",
				);
				GCC_WARN_64_TO_32_BIT_CONVERSION = YES;
				GCC_WARN_ABOUT_RETURN_TYPE = YES_ERROR;
				GCC_WARN_UNDECLARED_SELECTOR = YES;
				GCC_WARN_UNINITIALIZED_AUTOS = YES_AGGRESSIVE;
				GCC_WARN_UNUSED_FUNCTION = YES;
				GCC_WARN_UNUSED_VARIABLE = YES;
				IPHONEOS_DEPLOYMENT_TARGET = 14.1;
				MTL_ENABLE_DEBUG_INFO = INCLUDE_SOURCE;
				MTL_FAST_MATH = YES;
				ONLY_ACTIVE_ARCH = YES;
				SDKROOT = iphoneos;
				SWIFT_ACTIVE_COMPILATION_CONDITIONS = DEBUG;
				SWIFT_OPTIMIZATION_LEVEL = "-Onone";
			};
			name = Debug;
		};
		E17538B52554A4BF00B57258 /* Release */ = {
			isa = XCBuildConfiguration;
			buildSettings = {
				ALWAYS_SEARCH_USER_PATHS = NO;
				CLANG_ANALYZER_NONNULL = YES;
				CLANG_ANALYZER_NUMBER_OBJECT_CONVERSION = YES_AGGRESSIVE;
				CLANG_CXX_LANGUAGE_STANDARD = "gnu++14";
				CLANG_CXX_LIBRARY = "libc++";
				CLANG_ENABLE_MODULES = YES;
				CLANG_ENABLE_OBJC_ARC = YES;
				CLANG_ENABLE_OBJC_WEAK = YES;
				CLANG_WARN_BLOCK_CAPTURE_AUTORELEASING = YES;
				CLANG_WARN_BOOL_CONVERSION = YES;
				CLANG_WARN_COMMA = YES;
				CLANG_WARN_CONSTANT_CONVERSION = YES;
				CLANG_WARN_DEPRECATED_OBJC_IMPLEMENTATIONS = YES;
				CLANG_WARN_DIRECT_OBJC_ISA_USAGE = YES_ERROR;
				CLANG_WARN_DOCUMENTATION_COMMENTS = YES;
				CLANG_WARN_EMPTY_BODY = YES;
				CLANG_WARN_ENUM_CONVERSION = YES;
				CLANG_WARN_INFINITE_RECURSION = YES;
				CLANG_WARN_INT_CONVERSION = YES;
				CLANG_WARN_NON_LITERAL_NULL_CONVERSION = YES;
				CLANG_WARN_OBJC_IMPLICIT_RETAIN_SELF = YES;
				CLANG_WARN_OBJC_LITERAL_CONVERSION = YES;
				CLANG_WARN_OBJC_ROOT_CLASS = YES_ERROR;
				CLANG_WARN_QUOTED_INCLUDE_IN_FRAMEWORK_HEADER = YES;
				CLANG_WARN_RANGE_LOOP_ANALYSIS = YES;
				CLANG_WARN_STRICT_PROTOTYPES = YES;
				CLANG_WARN_SUSPICIOUS_MOVE = YES;
				CLANG_WARN_UNGUARDED_AVAILABILITY = YES_AGGRESSIVE;
				CLANG_WARN_UNREACHABLE_CODE = YES;
				CLANG_WARN__DUPLICATE_METHOD_MATCH = YES;
				COPY_PHASE_STRIP = NO;
				DEBUG_INFORMATION_FORMAT = "dwarf-with-dsym";
				ENABLE_NS_ASSERTIONS = NO;
				ENABLE_STRICT_OBJC_MSGSEND = YES;
				GCC_C_LANGUAGE_STANDARD = gnu11;
				GCC_NO_COMMON_BLOCKS = YES;
				GCC_WARN_64_TO_32_BIT_CONVERSION = YES;
				GCC_WARN_ABOUT_RETURN_TYPE = YES_ERROR;
				GCC_WARN_UNDECLARED_SELECTOR = YES;
				GCC_WARN_UNINITIALIZED_AUTOS = YES_AGGRESSIVE;
				GCC_WARN_UNUSED_FUNCTION = YES;
				GCC_WARN_UNUSED_VARIABLE = YES;
				IPHONEOS_DEPLOYMENT_TARGET = 14.1;
				MTL_ENABLE_DEBUG_INFO = NO;
				MTL_FAST_MATH = YES;
				SDKROOT = iphoneos;
				SWIFT_COMPILATION_MODE = wholemodule;
				SWIFT_OPTIMIZATION_LEVEL = "-O";
				VALIDATE_PRODUCT = YES;
			};
			name = Release;
		};
		E17538B72554A4BF00B57258 /* Debug */ = {
			isa = XCBuildConfiguration;
			buildSettings = {
				ASSETCATALOG_COMPILER_APPICON_NAME = AppIcon;
				ASSETCATALOG_COMPILER_GLOBAL_ACCENT_COLOR_NAME = AccentColor;
				CODE_SIGN_STYLE = Automatic;
				DEVELOPMENT_ASSET_PATHS = "\"Thermostat/Preview Content\"";
				DEVELOPMENT_TEAM = T6T6SV744W;
				ENABLE_PREVIEWS = YES;
				INFOPLIST_FILE = Thermostat/Info.plist;
				IPHONEOS_DEPLOYMENT_TARGET = 14.0;
				LD_RUNPATH_SEARCH_PATHS = (
					"$(inherited)",
					"@executable_path/Frameworks",
				);
				PRODUCT_BUNDLE_IDENTIFIER = KaJot.Thermostat;
				PRODUCT_NAME = "$(TARGET_NAME)";
				SWIFT_VERSION = 5.0;
				TARGETED_DEVICE_FAMILY = "1,2";
			};
			name = Debug;
		};
		E17538B82554A4BF00B57258 /* Release */ = {
			isa = XCBuildConfiguration;
			buildSettings = {
				ASSETCATALOG_COMPILER_APPICON_NAME = AppIcon;
				ASSETCATALOG_COMPILER_GLOBAL_ACCENT_COLOR_NAME = AccentColor;
				CODE_SIGN_STYLE = Automatic;
				DEVELOPMENT_ASSET_PATHS = "\"Thermostat/Preview Content\"";
				DEVELOPMENT_TEAM = T6T6SV744W;
				ENABLE_PREVIEWS = YES;
				INFOPLIST_FILE = Thermostat/Info.plist;
				IPHONEOS_DEPLOYMENT_TARGET = 14.0;
				LD_RUNPATH_SEARCH_PATHS = (
					"$(inherited)",
					"@executable_path/Frameworks",
				);
				PRODUCT_BUNDLE_IDENTIFIER = KaJot.Thermostat;
				PRODUCT_NAME = "$(TARGET_NAME)";
				SWIFT_VERSION = 5.0;
				TARGETED_DEVICE_FAMILY = "1,2";
			};
			name = Release;
		};
		E17538BA2554A4BF00B57258 /* Debug */ = {
			isa = XCBuildConfiguration;
			buildSettings = {
				ALWAYS_EMBED_SWIFT_STANDARD_LIBRARIES = YES;
				BUNDLE_LOADER = "$(TEST_HOST)";
				CODE_SIGN_STYLE = Automatic;
				DEVELOPMENT_TEAM = T6T6SV744W;
				INFOPLIST_FILE = ThermostatTests/Info.plist;
				IPHONEOS_DEPLOYMENT_TARGET = 14.0;
				LD_RUNPATH_SEARCH_PATHS = (
					"$(inherited)",
					"@executable_path/Frameworks",
					"@loader_path/Frameworks",
				);
				PRODUCT_BUNDLE_IDENTIFIER = KaJot.ThermostatTests;
				PRODUCT_NAME = "$(TARGET_NAME)";
				SWIFT_VERSION = 5.0;
				TARGETED_DEVICE_FAMILY = "1,2";
				TEST_HOST = "$(BUILT_PRODUCTS_DIR)/ThermostatApp.app/ThermostatApp";
			};
			name = Debug;
		};
		E17538BB2554A4BF00B57258 /* Release */ = {
			isa = XCBuildConfiguration;
			buildSettings = {
				ALWAYS_EMBED_SWIFT_STANDARD_LIBRARIES = YES;
				BUNDLE_LOADER = "$(TEST_HOST)";
				CODE_SIGN_STYLE = Automatic;
				DEVELOPMENT_TEAM = T6T6SV744W;
				INFOPLIST_FILE = ThermostatTests/Info.plist;
				IPHONEOS_DEPLOYMENT_TARGET = 14.0;
				LD_RUNPATH_SEARCH_PATHS = (
					"$(inherited)",
					"@executable_path/Frameworks",
					"@loader_path/Frameworks",
				);
				PRODUCT_BUNDLE_IDENTIFIER = KaJot.ThermostatTests;
				PRODUCT_NAME = "$(TARGET_NAME)";
				SWIFT_VERSION = 5.0;
				TARGETED_DEVICE_FAMILY = "1,2";
				TEST_HOST = "$(BUILT_PRODUCTS_DIR)/ThermostatApp.app/ThermostatApp";
			};
			name = Release;
		};
		E17538BD2554A4BF00B57258 /* Debug */ = {
			isa = XCBuildConfiguration;
			buildSettings = {
				ALWAYS_EMBED_SWIFT_STANDARD_LIBRARIES = YES;
				CODE_SIGN_STYLE = Automatic;
				DEVELOPMENT_TEAM = T6T6SV744W;
				INFOPLIST_FILE = ThermostatUITests/Info.plist;
				LD_RUNPATH_SEARCH_PATHS = (
					"$(inherited)",
					"@executable_path/Frameworks",
					"@loader_path/Frameworks",
				);
				PRODUCT_BUNDLE_IDENTIFIER = KaJot.ThermostatUITests;
				PRODUCT_NAME = "$(TARGET_NAME)";
				PROVISIONING_PROFILE = "";
				SWIFT_VERSION = 5.0;
				TARGETED_DEVICE_FAMILY = "1,2";
				TEST_TARGET_NAME = ThermostatApp;
			};
			name = Debug;
		};
		E17538BE2554A4BF00B57258 /* Release */ = {
			isa = XCBuildConfiguration;
			buildSettings = {
				ALWAYS_EMBED_SWIFT_STANDARD_LIBRARIES = YES;
				CODE_SIGN_STYLE = Automatic;
				DEVELOPMENT_TEAM = T6T6SV744W;
				INFOPLIST_FILE = ThermostatUITests/Info.plist;
				LD_RUNPATH_SEARCH_PATHS = (
					"$(inherited)",
					"@executable_path/Frameworks",
					"@loader_path/Frameworks",
				);
				PRODUCT_BUNDLE_IDENTIFIER = KaJot.ThermostatUITests;
				PRODUCT_NAME = "$(TARGET_NAME)";
				PROVISIONING_PROFILE = "";
				SWIFT_VERSION = 5.0;
				TARGETED_DEVICE_FAMILY = "1,2";
				TEST_TARGET_NAME = ThermostatApp;
			};
			name = Release;
		};
/* End XCBuildConfiguration section */

/* Begin XCConfigurationList section */
		E175388C2554A4BC00B57258 /* Build configuration list for PBXProject "ThermostatApp" */ = {
			isa = XCConfigurationList;
			buildConfigurations = (
				E17538B42554A4BF00B57258 /* Debug */,
				E17538B52554A4BF00B57258 /* Release */,
			);
			defaultConfigurationIsVisible = 0;
			defaultConfigurationName = Release;
		};
		E17538B62554A4BF00B57258 /* Build configuration list for PBXNativeTarget "ThermostatApp" */ = {
			isa = XCConfigurationList;
			buildConfigurations = (
				E17538B72554A4BF00B57258 /* Debug */,
				E17538B82554A4BF00B57258 /* Release */,
			);
			defaultConfigurationIsVisible = 0;
			defaultConfigurationName = Release;
		};
		E17538B92554A4BF00B57258 /* Build configuration list for PBXNativeTarget "ThermostatAppTests" */ = {
			isa = XCConfigurationList;
			buildConfigurations = (
				E17538BA2554A4BF00B57258 /* Debug */,
				E17538BB2554A4BF00B57258 /* Release */,
			);
			defaultConfigurationIsVisible = 0;
			defaultConfigurationName = Release;
		};
		E17538BC2554A4BF00B57258 /* Build configuration list for PBXNativeTarget "ThermostatAppUITests" */ = {
			isa = XCConfigurationList;
			buildConfigurations = (
				E17538BD2554A4BF00B57258 /* Debug */,
				E17538BE2554A4BF00B57258 /* Release */,
			);
			defaultConfigurationIsVisible = 0;
			defaultConfigurationName = Release;
		};
/* End XCConfigurationList section */
	};
	rootObject = E17538892554A4BC00B57258 /* Project object */;
}
